{
    "_meta": {
        "hash": {
            "sha256": "e92bf883c3923178b5501613e69fd4b642f136385e8c7f5882570dca73567eda"
        },
        "pipfile-spec": 6,
        "requires": {
            "python_version": "3.8"
        },
        "sources": [
            {
                "name": "pypi",
                "url": "https://pypi.org/simple",
                "verify_ssl": true
            }
        ]
    },
    "default": {
        "aniso8601": {
            "hashes": [
                "sha256:529dcb1f5f26ee0df6c0a1ee84b7b27197c3c50fc3a6321d66c544689237d072",
                "sha256:c033f63d028b9a58e3ab0c2c7d0532ab4bfa7452bfc788fbfe3ddabd327b181a"
            ],
            "version": "==8.0.0"
        },
        "asgiref": {
            "hashes": [
                "sha256:7e06d934a7718bf3975acbf87780ba678957b87c7adc056f13b6215d610695a0",
                "sha256:ea448f92fc35a0ef4b1508f53a04c4670255a3f33d22a81c8fc9c872036adbe5"
            ],
            "version": "==3.2.3"
        },
        "attrs": {
            "hashes": [
                "sha256:08a96c641c3a74e44eb59afb61a24f2cb9f4d7188748e76ba4bb5edfa3cb7d1c",
                "sha256:f7b7ce16570fe9965acd6d30101a28f62fb4a7f9e926b3bbc9b61f8b04247e72"
            ],
            "version": "==19.3.0"
        },
        "click": {
            "hashes": [
                "sha256:2335065e6395b9e67ca716de5f7526736bfa6ceead690adf616d925bdc622b13",
                "sha256:5b94b49521f6456670fdb30cd82a4eca9412788a93fa6dd6df72c94d5a8ff2d7"
            ],
            "version": "==7.0"
        },
        "django": {
            "hashes": [
                "sha256:2f1ba1db8648484dd5c238fb62504777b7ad090c81c5f1fd8d5eb5ec21b5f283",
                "sha256:c91c91a7ad6ef67a874a4f76f58ba534f9208412692a840e1d125eb5c279cb0a"
            ],
            "version": "==3.0.3"
        },
        "flask": {
            "hashes": [
                "sha256:13f9f196f330c7c2c5d7a5cf91af894110ca0215ac051b5844701f2bfd934d52",
                "sha256:45eb5a6fd193d6cf7e0cf5d8a5b31f83d5faae0293695626f539a823e93b13f6"
            ],
            "index": "pypi",
            "version": "==1.1.1"
        },
        "flask-cors": {
            "hashes": [
                "sha256:72170423eb4612f0847318afff8c247b38bd516b7737adfc10d1c2cdbb382d16",
                "sha256:f4d97201660e6bbcff2d89d082b5b6d31abee04b1b3003ee073a6fd25ad1d69a"
            ],
            "index": "pypi",
            "version": "==3.0.8"
        },
        "flask-restplus": {
            "hashes": [
                "sha256:a15d251923a8feb09a5d805c2f4d188555910a42c64d58f7dd281b8cac095f1b",
                "sha256:a66e442d0bca08f389fc3d07b4d808fc89961285d12fb8013f7cf15516fa9f5c"
            ],
            "index": "pypi",
            "version": "==0.13.0"
        },
        "horetu": {
            "extras": [
                "wsgi"
            ],
            "hashes": [
                "sha256:c494c1ebdfb9e1f165cc9e06deb7e7f4d52e612a2cda43d88773835cfe2136a7"
            ],
            "version": "==0.4.4"
        },
        "image": {
            "hashes": [
                "sha256:196440a7b834b1aa738d342fa0832befe5dc06f2bf6c176bf9963cb83c3423b6"
            ],
            "index": "pypi",
            "version": "==1.5.28"
        },
        "itsdangerous": {
            "hashes": [
                "sha256:321b033d07f2a4136d3ec762eac9f16a10ccd60f53c0c91af90217ace7ba1f19",
                "sha256:b12271b2047cb23eeb98c8b5622e2e5c5e9abd9784a153e9d8ef9cb4dd09d749"
            ],
            "version": "==1.1.0"
        },
        "jinja2": {
            "hashes": [
                "sha256:93187ffbc7808079673ef52771baa950426fd664d3aad1d0fa3e95644360e250",
                "sha256:b0eaf100007721b5c16c1fc1eecb87409464edc10469ddc9a22a27a99123be49"
            ],
            "version": "==2.11.1"
        },
        "jsonschema": {
            "hashes": [
                "sha256:4e5b3cf8216f577bee9ce139cbe72eca3ea4f292ec60928ff24758ce626cd163",
                "sha256:c8a85b28d377cc7737e46e2d9f2b4f44ee3c0e1deac6bf46ddefc7187d30797a"
            ],
            "version": "==3.2.0"
        },
        "markupsafe": {
            "hashes": [
                "sha256:00bc623926325b26bb9605ae9eae8a215691f33cae5df11ca5424f06f2d1f473",
                "sha256:09027a7803a62ca78792ad89403b1b7a73a01c8cb65909cd876f7fcebd79b161",
                "sha256:09c4b7f37d6c648cb13f9230d847adf22f8171b1ccc4d5682398e77f40309235",
                "sha256:1027c282dad077d0bae18be6794e6b6b8c91d58ed8a8d89a89d59693b9131db5",
                "sha256:13d3144e1e340870b25e7b10b98d779608c02016d5184cfb9927a9f10c689f42",
                "sha256:24982cc2533820871eba85ba648cd53d8623687ff11cbb805be4ff7b4c971aff",
                "sha256:29872e92839765e546828bb7754a68c418d927cd064fd4708fab9fe9c8bb116b",
                "sha256:43a55c2930bbc139570ac2452adf3d70cdbb3cfe5912c71cdce1c2c6bbd9c5d1",
                "sha256:46c99d2de99945ec5cb54f23c8cd5689f6d7177305ebff350a58ce5f8de1669e",
                "sha256:500d4957e52ddc3351cabf489e79c91c17f6e0899158447047588650b5e69183",
                "sha256:535f6fc4d397c1563d08b88e485c3496cf5784e927af890fb3c3aac7f933ec66",
                "sha256:596510de112c685489095da617b5bcbbac7dd6384aeebeda4df6025d0256a81b",
                "sha256:62fe6c95e3ec8a7fad637b7f3d372c15ec1caa01ab47926cfdf7a75b40e0eac1",
                "sha256:6788b695d50a51edb699cb55e35487e430fa21f1ed838122d722e0ff0ac5ba15",
                "sha256:6dd73240d2af64df90aa7c4e7481e23825ea70af4b4922f8ede5b9e35f78a3b1",
                "sha256:717ba8fe3ae9cc0006d7c451f0bb265ee07739daf76355d06366154ee68d221e",
                "sha256:79855e1c5b8da654cf486b830bd42c06e8780cea587384cf6545b7d9ac013a0b",
                "sha256:7c1699dfe0cf8ff607dbdcc1e9b9af1755371f92a68f706051cc8c37d447c905",
                "sha256:88e5fcfb52ee7b911e8bb6d6aa2fd21fbecc674eadd44118a9cc3863f938e735",
                "sha256:8defac2f2ccd6805ebf65f5eeb132adcf2ab57aa11fdf4c0dd5169a004710e7d",
                "sha256:98c7086708b163d425c67c7a91bad6e466bb99d797aa64f965e9d25c12111a5e",
                "sha256:9add70b36c5666a2ed02b43b335fe19002ee5235efd4b8a89bfcf9005bebac0d",
                "sha256:9bf40443012702a1d2070043cb6291650a0841ece432556f784f004937f0f32c",
                "sha256:ade5e387d2ad0d7ebf59146cc00c8044acbd863725f887353a10df825fc8ae21",
                "sha256:b00c1de48212e4cc9603895652c5c410df699856a2853135b3967591e4beebc2",
                "sha256:b1282f8c00509d99fef04d8ba936b156d419be841854fe901d8ae224c59f0be5",
                "sha256:b2051432115498d3562c084a49bba65d97cf251f5a331c64a12ee7e04dacc51b",
                "sha256:ba59edeaa2fc6114428f1637ffff42da1e311e29382d81b339c1817d37ec93c6",
                "sha256:c8716a48d94b06bb3b2524c2b77e055fb313aeb4ea620c8dd03a105574ba704f",
                "sha256:cd5df75523866410809ca100dc9681e301e3c27567cf498077e8551b6d20e42f",
                "sha256:cdb132fc825c38e1aeec2c8aa9338310d29d337bebbd7baa06889d09a60a1fa2",
                "sha256:e249096428b3ae81b08327a63a485ad0878de3fb939049038579ac0ef61e17e7",
                "sha256:e8313f01ba26fbbe36c7be1966a7b7424942f670f38e666995b88d012765b9be"
            ],
            "version": "==1.1.1"
        },
        "pillow": {
            "hashes": [
                "sha256:047d9473cf68af50ac85f8ee5d5f21a60f849bc17d348da7fc85711287a75031",
                "sha256:0f66dc6c8a3cc319561a633b6aa82c44107f12594643efa37210d8c924fc1c71",
                "sha256:12c9169c4e8fe0a7329e8658c7e488001f6b4c8e88740e76292c2b857af2e94c",
                "sha256:248cffc168896982f125f5c13e9317c059f74fffdb4152893339f3be62a01340",
                "sha256:27faf0552bf8c260a5cee21a76e031acaea68babb64daf7e8f2e2540745082aa",
                "sha256:285edafad9bc60d96978ed24d77cdc0b91dace88e5da8c548ba5937c425bca8b",
                "sha256:384b12c9aa8ef95558abdcb50aada56d74bc7cc131dd62d28c2d0e4d3aadd573",
                "sha256:38950b3a707f6cef09cd3cbb142474357ad1a985ceb44d921bdf7b4647b3e13e",
                "sha256:4aad1b88933fd6dc2846552b89ad0c74ddbba2f0884e2c162aa368374bf5abab",
                "sha256:4ac6148008c169603070c092e81f88738f1a0c511e07bd2bb0f9ef542d375da9",
                "sha256:4deb1d2a45861ae6f0b12ea0a786a03d19d29edcc7e05775b85ec2877cb54c5e",
                "sha256:59aa2c124df72cc75ed72c8d6005c442d4685691a30c55321e00ed915ad1a291",
                "sha256:5a47d2123a9ec86660fe0e8d0ebf0aa6bc6a17edc63f338b73ea20ba11713f12",
                "sha256:5cc901c2ab9409b4b7ac7b5bcc3e86ac14548627062463da0af3b6b7c555a871",
                "sha256:6c1db03e8dff7b9f955a0fb9907eb9ca5da75b5ce056c0c93d33100a35050281",
                "sha256:7ce80c0a65a6ea90ef9c1f63c8593fcd2929448613fc8da0adf3e6bfad669d08",
                "sha256:809c19241c14433c5d6135e1b6c72da4e3b56d5c865ad5736ab99af8896b8f41",
                "sha256:83792cb4e0b5af480588601467c0764242b9a483caea71ef12d22a0d0d6bdce2",
                "sha256:846fa202bd7ee0f6215c897a1d33238ef071b50766339186687bd9b7a6d26ac5",
                "sha256:9f5529fc02009f96ba95bea48870173426879dc19eec49ca8e08cd63ecd82ddb",
                "sha256:a423c2ea001c6265ed28700df056f75e26215fd28c001e93ef4380b0f05f9547",
                "sha256:ac4428094b42907aba5879c7c000d01c8278d451a3b7cccd2103e21f6397ea75",
                "sha256:b1ae48d87f10d1384e5beecd169c77502fcc04a2c00a4c02b85f0a94b419e5f9",
                "sha256:bf4e972a88f8841d8fdc6db1a75e0f8d763e66e3754b03006cbc3854d89f1cb1",
                "sha256:c6414f6aad598364aaf81068cabb077894eb88fed99c6a65e6e8217bab62ae7a",
                "sha256:c710fcb7ee32f67baf25aa9ffede4795fd5d93b163ce95fdc724383e38c9df96",
                "sha256:c7be4b8a09852291c3c48d3c25d1b876d2494a0a674980089ac9d5e0d78bd132",
                "sha256:c9e5ffb910b14f090ac9c38599063e354887a5f6d7e6d26795e916b4514f2c1a",
                "sha256:e0697b826da6c2472bb6488db4c0a7fa8af0d52fa08833ceb3681358914b14e5",
                "sha256:e9a3edd5f714229d41057d56ac0f39ad9bdba6767e8c888c951869f0bdd129b0"
            ],
            "index": "pypi",
            "version": "==6.2.1"
        },
        "pymongo": {
            "hashes": [
                "sha256:01b4e10027aef5bb9ecefbc26f5df3368ce34aef81df43850f701e716e3fe16d",
                "sha256:0fc5aa1b1acf7f61af46fe0414e6a4d0c234b339db4c03a63da48599acf1cbfc",
                "sha256:1396eb7151e0558b1f817e4b9d7697d5599e5c40d839a9f7270bd90af994ad82",
                "sha256:18e84a3ec5e73adcb4187b8e5541b2ad61d716026ed9863267e650300d8bea33",
                "sha256:19adf2848b80cb349b9891cc854581bbf24c338be9a3260e73159bdeb2264464",
                "sha256:20ee0475aa2ba437b0a14806f125d696f90a8433d820fb558fdd6f052acde103",
                "sha256:26798795097bdeb571f13942beef7e0b60125397811c75b7aa9214d89880dd1d",
                "sha256:26e707a4eb851ec27bb969b5f1413b9b2eac28fe34271fa72329100317ea7c73",
                "sha256:2a3c7ad01553b27ec553688a1e6445e7f40355fb37d925c11fcb50b504e367f8",
                "sha256:2f07b27dbf303ea53f4147a7922ce91a26b34a0011131471d8aaf73151fdee9a",
                "sha256:316f0cf543013d0c085e15a2c8abe0db70f93c9722c0f99b6f3318ff69477d70",
                "sha256:31d11a600eea0c60de22c8bdcb58cda63c762891facdcb74248c36713240987f",
                "sha256:334ef3ffd0df87ea83a0054454336159f8ad9c1b389e19c0032d9cb8410660e6",
                "sha256:358ba4693c01022d507b96a980ded855a32dbdccc3c9331d0667be5e967f30ed",
                "sha256:3a6568bc53103df260f5c7d2da36dffc5202b9a36c85540bba1836a774943794",
                "sha256:444bf2f44264578c4085bb04493bfed0e5c1b4fe7c2704504d769f955cc78fe4",
                "sha256:47a00b22c52ee59dffc2aad02d0bbfb20c26ec5b8de8900492bf13ad6901cf35",
                "sha256:4c067db43b331fc709080d441cb2e157114fec60749667d12186cc3fc8e7a951",
                "sha256:4c092310f804a5d45a1bcaa4191d6d016c457b6ed3982a622c35f729ff1c7f6b",
                "sha256:53b711b33134e292ef8499835a3df10909c58df53a2a0308f598c432e9a62892",
                "sha256:568d6bee70652d8a5af1cd3eec48b4ca1696fb1773b80719ebbd2925b72cb8f6",
                "sha256:56fa55032782b7f8e0bf6956420d11e2d4e9860598dfe9c504edec53af0fc372",
                "sha256:5a2c492680c61b440272341294172fa3b3751797b1ab983533a770e4fb0a67ac",
                "sha256:61235cc39b5b2f593086d1d38f3fc130b2d125bd8fc8621d35bc5b6bdeb92bd2",
                "sha256:619ac9aaf681434b4d4718d1b31aa2f0fce64f2b3f8435688fcbdc0c818b6c54",
                "sha256:6238ac1f483494011abde5286282afdfacd8926659e222ba9b74c67008d3a58c",
                "sha256:63752a72ca4d4e1386278bd43d14232f51718b409e7ac86bcf8810826b531113",
                "sha256:6fdc5ccb43864065d40dd838437952e9e3da9821b7eac605ba46ada77f846bdf",
                "sha256:7abc3a6825a346fa4621a6f63e3b662bbb9e0f6ffc32d30a459d695f20fb1a8b",
                "sha256:7aef381bb9ae8a3821abd7f9d4d93978dbd99072b48522e181baeffcd95b56ae",
                "sha256:80df3caf251fe61a3f0c9614adc6e2bfcffd1cd3345280896766712fb4b4d6d7",
                "sha256:95f970f34b59987dee6f360d2e7d30e181d58957b85dff929eee4423739bd151",
                "sha256:993257f6ca3cde55332af1f62af3e04ca89ce63c08b56a387cdd46136c72f2fa",
                "sha256:9c0a57390549affc2b5dda24a38de03a5c7cbc58750cd161ff5d106c3c6eec80",
                "sha256:a0794e987d55d2f719cc95fcf980fc62d12b80e287e6a761c4be14c60bd9fecc",
                "sha256:a3b98121e68bf370dd8ea09df67e916f93ea95b52fc010902312168c4d1aff5d",
                "sha256:a60756d55f0887023b3899e6c2923ba5f0042fb11b1d17810b4e07395404f33e",
                "sha256:a676bd2fbc2309092b9bbb0083d35718b5420af3a42135ebb1e4c3633f56604d",
                "sha256:a732838c78554c1257ff2492f5c8c4c7312d0aecd7f732149e255f3749edd5ee",
                "sha256:ae65d65fde4135ef423a2608587c9ef585a3551fc2e4e431e7c7e527047581be",
                "sha256:b070a4f064a9edb70f921bfdc270725cff7a78c22036dd37a767c51393fb956f",
                "sha256:b6da85949aa91e9f8c521681344bd2e163de894a5492337fba8b05c409225a4f",
                "sha256:bbf47110765b2a999803a7de457567389253f8670f7daafb98e059c899ce9764",
                "sha256:c06b3f998d2d7160db58db69adfb807d2ec307e883e2f17f6b87a1ef6c723f11",
                "sha256:c318fb70542be16d3d4063cde6010b1e4d328993a793529c15a619251f517c39",
                "sha256:c4aef42e5fa4c9d5a99f751fb79caa880dac7eaf8a65121549318b984676a1b7",
                "sha256:c9ca545e93a9c2a3bdaa2e6e21f7a43267ff0813e8055adf2b591c13164c0c57",
                "sha256:da2c3220eb55c4239dd8b982e213da0b79023cac59fe54ca09365f2bc7e4ad32",
                "sha256:dd8055da300535eefd446b30995c0813cc4394873c9509323762a93e97c04c03",
                "sha256:e2b46e092ea54b732d98c476720386ff2ccd126de1e52076b470b117bff7e409",
                "sha256:e334c4f39a2863a239d38b5829e442a87f241a92da9941861ee6ec5d6380b7fe",
                "sha256:e5c54f04ca42bbb5153aec5d4f2e3d9f81e316945220ac318abd4083308143f5",
                "sha256:f96333f9d2517c752c20a35ff95de5fc2763ac8cdb1653df0f6f45d281620606"
            ],
            "index": "pypi",
            "version": "==3.10.1"
        },
        "pyrsistent": {
            "hashes": [
                "sha256:cdc7b5e3ed77bed61270a47d35434a30617b9becdf2478af76ad2c6ade307280"
            ],
            "version": "==0.15.7"
        },
        "pytz": {
            "hashes": [
                "sha256:1c557d7d0e871de1f5ccd5833f60fb2550652da6be2693c1e02300743d21500d",
                "sha256:b02c06db6cf09c12dd25137e563b31700d3b80fcc4ad23abb7a315f2789819be"
            ],
            "version": "==2019.3"
        },
        "send-files": {
            "hashes": [
                "sha256:68bde0440d3e7146a559cd81d5c4e0e0a7f057915050d5fb714dff5a9ed601c6"
            ],
            "index": "pypi",
            "version": "==0.1"
        },
        "six": {
            "hashes": [
                "sha256:236bdbdce46e6e6a3d61a337c0f8b763ca1e8717c03b369e87a7ec7ce1319c0a",
                "sha256:8f3cd2e254d8f793e7f3d6d9df77b92252b52637291d0f0da013c76ea2724b6c"
            ],
            "version": "==1.14.0"
        },
        "sqlparse": {
            "hashes": [
                "sha256:022fb9c87b524d1f7862b3037e541f68597a730a8843245c349fc93e1643dc4e",
                "sha256:e162203737712307dfe78860cc56c8da8a852ab2ee33750e33aeadf38d12c548"
            ],
            "version": "==0.3.1"
        },
        "webob": {
            "hashes": [
                "sha256:a3c89a8e9ba0aeb17382836cdb73c516d0ecf6630ec40ec28288f3ed459ce87b",
                "sha256:aa3a917ed752ba3e0b242234b2a373f9c4e2a75d35291dcbe977649bd21fd108"
            ],
            "version": "==1.8.6"
        },
        "werkzeug": {
            "hashes": [
                "sha256:1e0dedc2acb1f46827daa2e399c1485c8fa17c0d8e70b6b875b4e7f54bf408d2",
                "sha256:b353856d37dec59d6511359f97f6a4b2468442e454bd1c98298ddce53cac1f04"
            ],
            "index": "pypi",
            "version": "==0.16.1"
        }
    },
    "develop": {}
}
