{
    "_meta": {
        "hash": {
            "sha256": "bd398d083d473b72d5aa5e045b9caf2d7d0ca4636c0b119fdb962576f90e81b3"
        },
        "pipfile-spec": 6,
        "requires": {
            "python_version": "3.8"
        },
        "sources": [
            {
                "name": "pypi",
                "url": "https://pypi.org/simple",
                "verify_ssl": true
            }
        ]
    },
    "default": {
        "aniso8601": {
            "hashes": [
                "sha256:1d2b7ef82963909e93c4f24ce48d4de9e66009a21bf1c1e1c85bdd0812fe412f",
                "sha256:72e3117667eedf66951bb2d93f4296a56b94b078a8a95905a052611fb3f1b973"
            ],
            "version": "==9.0.1"
        },
        "asgiref": {
            "hashes": [
                "sha256:1d2880b792ae8757289136f1db2b7b99100ce959b2aa57fd69dab783d05afac4",
                "sha256:4a29362a6acebe09bf1d6640db38c1dc3d9217c68e6f9f6204d72667fc19a424"
            ],
            "markers": "python_version >= '3.7'",
            "version": "==3.5.2"
        },
        "attrs": {
            "hashes": [
                "sha256:29adc2665447e5191d0e7c568fde78b21f9672d344281d0c6e1ab085429b22b6",
                "sha256:86efa402f67bf2df34f51a335487cf46b1ec130d02b8d39fd248abfd30da551c"
            ],
            "markers": "python_version >= '3.5'",
            "version": "==22.1.0"
        },
        "backports.zoneinfo": {
            "hashes": [
                "sha256:17746bd546106fa389c51dbea67c8b7c8f0d14b5526a579ca6ccf5ed72c526cf",
                "sha256:1b13e654a55cd45672cb54ed12148cd33628f672548f373963b0bff67b217328",
                "sha256:1c5742112073a563c81f786e77514969acb58649bcdf6cdf0b4ed31a348d4546",
                "sha256:4a0f800587060bf8880f954dbef70de6c11bbe59c673c3d818921f042f9954a6",
                "sha256:5c144945a7752ca544b4b78c8c41544cdfaf9786f25fe5ffb10e838e19a27570",
                "sha256:7b0a64cda4145548fed9efc10322770f929b944ce5cee6c0dfe0c87bf4c0c8c9",
                "sha256:8439c030a11780786a2002261569bdf362264f605dfa4d65090b64b05c9f79a7",
                "sha256:8961c0f32cd0336fb8e8ead11a1f8cd99ec07145ec2931122faaac1c8f7fd987",
                "sha256:89a48c0d158a3cc3f654da4c2de1ceba85263fafb861b98b59040a5086259722",
                "sha256:a76b38c52400b762e48131494ba26be363491ac4f9a04c1b7e92483d169f6582",
                "sha256:da6013fd84a690242c310d77ddb8441a559e9cb3d3d59ebac9aca1a57b2e18bc",
                "sha256:e55b384612d93be96506932a786bbcde5a2db7a9e6a4bb4bffe8b733f5b9036b",
                "sha256:e81b76cace8eda1fca50e345242ba977f9be6ae3945af8d46326d776b4cf78d1",
                "sha256:e8236383a20872c0cdf5a62b554b27538db7fa1bbec52429d8d106effbaeca08",
                "sha256:f04e857b59d9d1ccc39ce2da1021d196e47234873820cbeaad210724b1ee28ac",
                "sha256:fadbfe37f74051d024037f223b8e001611eac868b5c5b06144ef4d8b799862f2"
            ],
            "markers": "python_version < '3.9'",
            "version": "==0.2.1"
        },
        "click": {
            "hashes": [
                "sha256:7682dc8afb30297001674575ea00d1814d808d6a36af415a82bd481d37ba7b8e",
                "sha256:bb4d8133cb15a609f44e8213d9b391b0809795062913b383c62be0ee95b1db48"
            ],
            "markers": "python_version >= '3.7'",
            "version": "==8.1.3"
        },
        "django": {
            "hashes": [
                "sha256:678bbfc8604eb246ed54e2063f0765f13b321a50526bdc8cb1f943eda7fa31f1",
                "sha256:6b1de6886cae14c7c44d188f580f8ba8da05750f544c80ae5ad43375ab293cd5"
            ],
            "markers": "python_version >= '3.8'",
            "version": "==4.1.3"
        },
        "flask": {
            "hashes": [
                "sha256:13f9f196f330c7c2c5d7a5cf91af894110ca0215ac051b5844701f2bfd934d52",
                "sha256:45eb5a6fd193d6cf7e0cf5d8a5b31f83d5faae0293695626f539a823e93b13f6"
            ],
            "index": "pypi",
            "version": "==1.1.1"
        },
        "flask-cors": {
            "hashes": [
                "sha256:72170423eb4612f0847318afff8c247b38bd516b7737adfc10d1c2cdbb382d16",
                "sha256:f4d97201660e6bbcff2d89d082b5b6d31abee04b1b3003ee073a6fd25ad1d69a"
            ],
            "index": "pypi",
            "version": "==3.0.8"
        },
        "flask-restplus": {
            "hashes": [
                "sha256:a15d251923a8feb09a5d805c2f4d188555910a42c64d58f7dd281b8cac095f1b",
                "sha256:a66e442d0bca08f389fc3d07b4d808fc89961285d12fb8013f7cf15516fa9f5c"
            ],
            "index": "pypi",
            "version": "==0.13.0"
        },
        "horetu": {
            "extras": [
                "wsgi"
            ],
            "hashes": [
                "sha256:c494c1ebdfb9e1f165cc9e06deb7e7f4d52e612a2cda43d88773835cfe2136a7"
            ],
            "version": "==0.4.4"
        },
        "image": {
            "hashes": [
                "sha256:196440a7b834b1aa738d342fa0832befe5dc06f2bf6c176bf9963cb83c3423b6"
            ],
            "index": "pypi",
            "version": "==1.5.28"
        },
        "importlib-resources": {
            "hashes": [
                "sha256:c01b1b94210d9849f286b86bb51bcea7cd56dde0600d8db721d7b81330711668",
                "sha256:ee17ec648f85480d523596ce49eae8ead87d5631ae1551f913c0100b5edd3437"
            ],
            "markers": "python_version < '3.9'",
            "version": "==5.10.0"
        },
        "itsdangerous": {
            "hashes": [
                "sha256:2c2349112351b88699d8d4b6b075022c0808887cb7ad10069318a8b0bc88db44",
                "sha256:5dbbc68b317e5e42f327f9021763545dc3fc3bfe22e6deb96aaf1fc38874156a"
            ],
            "markers": "python_version >= '3.7'",
            "version": "==2.1.2"
        },
        "jinja2": {
            "hashes": [
                "sha256:31351a702a408a9e7595a8fc6150fc3f43bb6bf7e319770cbc0db9df9437e852",
                "sha256:6088930bfe239f0e6710546ab9c19c9ef35e29792895fed6e6e31a023a182a61"
            ],
            "markers": "python_version >= '3.7'",
            "version": "==3.1.2"
        },
        "jsonschema": {
            "hashes": [
                "sha256:5bfcf2bca16a087ade17e02b282d34af7ccd749ef76241e7f9bd7c0cb8a9424d",
                "sha256:f660066c3966db7d6daeaea8a75e0b68237a48e51cf49882087757bb59916248"
            ],
            "markers": "python_version >= '3.7'",
            "version": "==4.17.0"
        },
        "markupsafe": {
            "hashes": [
                "sha256:0212a68688482dc52b2d45013df70d169f542b7394fc744c02a57374a4207003",
                "sha256:089cf3dbf0cd6c100f02945abeb18484bd1ee57a079aefd52cffd17fba910b88",
                "sha256:10c1bfff05d95783da83491be968e8fe789263689c02724e0c691933c52994f5",
                "sha256:33b74d289bd2f5e527beadcaa3f401e0df0a89927c1559c8566c066fa4248ab7",
                "sha256:3799351e2336dc91ea70b034983ee71cf2f9533cdff7c14c90ea126bfd95d65a",
                "sha256:3ce11ee3f23f79dbd06fb3d63e2f6af7b12db1d46932fe7bd8afa259a5996603",
                "sha256:421be9fbf0ffe9ffd7a378aafebbf6f4602d564d34be190fc19a193232fd12b1",
                "sha256:43093fb83d8343aac0b1baa75516da6092f58f41200907ef92448ecab8825135",
                "sha256:46d00d6cfecdde84d40e572d63735ef81423ad31184100411e6e3388d405e247",
                "sha256:4a33dea2b688b3190ee12bd7cfa29d39c9ed176bda40bfa11099a3ce5d3a7ac6",
                "sha256:4b9fe39a2ccc108a4accc2676e77da025ce383c108593d65cc909add5c3bd601",
                "sha256:56442863ed2b06d19c37f94d999035e15ee982988920e12a5b4ba29b62ad1f77",
                "sha256:671cd1187ed5e62818414afe79ed29da836dde67166a9fac6d435873c44fdd02",
                "sha256:694deca8d702d5db21ec83983ce0bb4b26a578e71fbdbd4fdcd387daa90e4d5e",
                "sha256:6a074d34ee7a5ce3effbc526b7083ec9731bb3cbf921bbe1d3005d4d2bdb3a63",
                "sha256:6d0072fea50feec76a4c418096652f2c3238eaa014b2f94aeb1d56a66b41403f",
                "sha256:6fbf47b5d3728c6aea2abb0589b5d30459e369baa772e0f37a0320185e87c980",
                "sha256:7f91197cc9e48f989d12e4e6fbc46495c446636dfc81b9ccf50bb0ec74b91d4b",
                "sha256:86b1f75c4e7c2ac2ccdaec2b9022845dbb81880ca318bb7a0a01fbf7813e3812",
                "sha256:8dc1c72a69aa7e082593c4a203dcf94ddb74bb5c8a731e4e1eb68d031e8498ff",
                "sha256:8e3dcf21f367459434c18e71b2a9532d96547aef8a871872a5bd69a715c15f96",
                "sha256:8e576a51ad59e4bfaac456023a78f6b5e6e7651dcd383bcc3e18d06f9b55d6d1",
                "sha256:96e37a3dc86e80bf81758c152fe66dbf60ed5eca3d26305edf01892257049925",
                "sha256:97a68e6ada378df82bc9f16b800ab77cbf4b2fada0081794318520138c088e4a",
                "sha256:99a2a507ed3ac881b975a2976d59f38c19386d128e7a9a18b7df6fff1fd4c1d6",
                "sha256:a49907dd8420c5685cfa064a1335b6754b74541bbb3706c259c02ed65b644b3e",
                "sha256:b09bf97215625a311f669476f44b8b318b075847b49316d3e28c08e41a7a573f",
                "sha256:b7bd98b796e2b6553da7225aeb61f447f80a1ca64f41d83612e6139ca5213aa4",
                "sha256:b87db4360013327109564f0e591bd2a3b318547bcef31b468a92ee504d07ae4f",
                "sha256:bcb3ed405ed3222f9904899563d6fc492ff75cce56cba05e32eff40e6acbeaa3",
                "sha256:d4306c36ca495956b6d568d276ac11fdd9c30a36f1b6eb928070dc5360b22e1c",
                "sha256:d5ee4f386140395a2c818d149221149c54849dfcfcb9f1debfe07a8b8bd63f9a",
                "sha256:dda30ba7e87fbbb7eab1ec9f58678558fd9a6b8b853530e176eabd064da81417",
                "sha256:e04e26803c9c3851c931eac40c695602c6295b8d432cbe78609649ad9bd2da8a",
                "sha256:e1c0b87e09fa55a220f058d1d49d3fb8df88fbfab58558f1198e08c1e1de842a",
                "sha256:e72591e9ecd94d7feb70c1cbd7be7b3ebea3f548870aa91e2732960fa4d57a37",
                "sha256:e8c843bbcda3a2f1e3c2ab25913c80a3c5376cd00c6e8c4a86a89a28c8dc5452",
                "sha256:efc1913fd2ca4f334418481c7e595c00aad186563bbc1ec76067848c7ca0a933",
                "sha256:f121a1420d4e173a5d96e47e9a0c0dcff965afdf1626d28de1460815f7c4ee7a",
                "sha256:fc7b548b17d238737688817ab67deebb30e8073c95749d55538ed473130ec0c7"
            ],
            "markers": "python_version >= '3.7'",
            "version": "==2.1.1"
        },
        "pillow": {
            "hashes": [
                "sha256:03150abd92771742d4a8cd6f2fa6246d847dcd2e332a18d0c15cc75bf6703040",
                "sha256:073adb2ae23431d3b9bcbcff3fe698b62ed47211d0716b067385538a1b0f28b8",
                "sha256:0b07fffc13f474264c336298d1b4ce01d9c5a011415b79d4ee5527bb69ae6f65",
                "sha256:0b7257127d646ff8676ec8a15520013a698d1fdc48bc2a79ba4e53df792526f2",
                "sha256:12ce4932caf2ddf3e41d17fc9c02d67126935a44b86df6a206cf0d7161548627",
                "sha256:15c42fb9dea42465dfd902fb0ecf584b8848ceb28b41ee2b58f866411be33f07",
                "sha256:18498994b29e1cf86d505edcb7edbe814d133d2232d256db8c7a8ceb34d18cef",
                "sha256:1c7c8ae3864846fc95f4611c78129301e203aaa2af813b703c55d10cc1628535",
                "sha256:22b012ea2d065fd163ca096f4e37e47cd8b59cf4b0fd47bfca6abb93df70b34c",
                "sha256:276a5ca930c913f714e372b2591a22c4bd3b81a418c0f6635ba832daec1cbcfc",
                "sha256:2e0918e03aa0c72ea56edbb00d4d664294815aa11291a11504a377ea018330d3",
                "sha256:3033fbe1feb1b59394615a1cafaee85e49d01b51d54de0cbf6aa8e64182518a1",
                "sha256:3168434d303babf495d4ba58fc22d6604f6e2afb97adc6a423e917dab828939c",
                "sha256:32a44128c4bdca7f31de5be641187367fe2a450ad83b833ef78910397db491aa",
                "sha256:3dd6caf940756101205dffc5367babf288a30043d35f80936f9bfb37f8355b32",
                "sha256:40e1ce476a7804b0fb74bcfa80b0a2206ea6a882938eaba917f7a0f004b42502",
                "sha256:41e0051336807468be450d52b8edd12ac60bebaa97fe10c8b660f116e50b30e4",
                "sha256:4390e9ce199fc1951fcfa65795f239a8a4944117b5935a9317fb320e7767b40f",
                "sha256:502526a2cbfa431d9fc2a079bdd9061a2397b842bb6bc4239bb176da00993812",
                "sha256:51e0e543a33ed92db9f5ef69a0356e0b1a7a6b6a71b80df99f1d181ae5875636",
                "sha256:57751894f6618fd4308ed8e0c36c333e2f5469744c34729a27532b3db106ee20",
                "sha256:5d77adcd56a42d00cc1be30843d3426aa4e660cab4a61021dc84467123f7a00c",
                "sha256:655a83b0058ba47c7c52e4e2df5ecf484c1b0b0349805896dd350cbc416bdd91",
                "sha256:68943d632f1f9e3dce98908e873b3a090f6cba1cbb1b892a9e8d97c938871fbe",
                "sha256:6c738585d7a9961d8c2821a1eb3dcb978d14e238be3d70f0a706f7fa9316946b",
                "sha256:73bd195e43f3fadecfc50c682f5055ec32ee2c933243cafbfdec69ab1aa87cad",
                "sha256:772a91fc0e03eaf922c63badeca75e91baa80fe2f5f87bdaed4280662aad25c9",
                "sha256:77ec3e7be99629898c9a6d24a09de089fa5356ee408cdffffe62d67bb75fdd72",
                "sha256:7db8b751ad307d7cf238f02101e8e36a128a6cb199326e867d1398067381bff4",
                "sha256:801ec82e4188e935c7f5e22e006d01611d6b41661bba9fe45b60e7ac1a8f84de",
                "sha256:82409ffe29d70fd733ff3c1025a602abb3e67405d41b9403b00b01debc4c9a29",
                "sha256:828989c45c245518065a110434246c44a56a8b2b2f6347d1409c787e6e4651ee",
                "sha256:829f97c8e258593b9daa80638aee3789b7df9da5cf1336035016d76f03b8860c",
                "sha256:871b72c3643e516db4ecf20efe735deb27fe30ca17800e661d769faab45a18d7",
                "sha256:89dca0ce00a2b49024df6325925555d406b14aa3efc2f752dbb5940c52c56b11",
                "sha256:90fb88843d3902fe7c9586d439d1e8c05258f41da473952aa8b328d8b907498c",
                "sha256:97aabc5c50312afa5e0a2b07c17d4ac5e865b250986f8afe2b02d772567a380c",
                "sha256:9aaa107275d8527e9d6e7670b64aabaaa36e5b6bd71a1015ddd21da0d4e06448",
                "sha256:9f47eabcd2ded7698106b05c2c338672d16a6f2a485e74481f524e2a23c2794b",
                "sha256:a0a06a052c5f37b4ed81c613a455a81f9a3a69429b4fd7bb913c3fa98abefc20",
                "sha256:ab388aaa3f6ce52ac1cb8e122c4bd46657c15905904b3120a6248b5b8b0bc228",
                "sha256:ad58d27a5b0262c0c19b47d54c5802db9b34d38bbf886665b626aff83c74bacd",
                "sha256:ae5331c23ce118c53b172fa64a4c037eb83c9165aba3a7ba9ddd3ec9fa64a699",
                "sha256:af0372acb5d3598f36ec0914deed2a63f6bcdb7b606da04dc19a88d31bf0c05b",
                "sha256:afa4107d1b306cdf8953edde0534562607fe8811b6c4d9a486298ad31de733b2",
                "sha256:b03ae6f1a1878233ac620c98f3459f79fd77c7e3c2b20d460284e1fb370557d4",
                "sha256:b0915e734b33a474d76c28e07292f196cdf2a590a0d25bcc06e64e545f2d146c",
                "sha256:b4012d06c846dc2b80651b120e2cdd787b013deb39c09f407727ba90015c684f",
                "sha256:b472b5ea442148d1c3e2209f20f1e0bb0eb556538690fa70b5e1f79fa0ba8dc2",
                "sha256:b59430236b8e58840a0dfb4099a0e8717ffb779c952426a69ae435ca1f57210c",
                "sha256:b90f7616ea170e92820775ed47e136208e04c967271c9ef615b6fbd08d9af0e3",
                "sha256:b9a65733d103311331875c1dca05cb4606997fd33d6acfed695b1232ba1df193",
                "sha256:bac18ab8d2d1e6b4ce25e3424f709aceef668347db8637c2296bcf41acb7cf48",
                "sha256:bca31dd6014cb8b0b2db1e46081b0ca7d936f856da3b39744aef499db5d84d02",
                "sha256:be55f8457cd1eac957af0c3f5ece7bc3f033f89b114ef30f710882717670b2a8",
                "sha256:c7025dce65566eb6e89f56c9509d4f628fddcedb131d9465cacd3d8bac337e7e",
                "sha256:c935a22a557a560108d780f9a0fc426dd7459940dc54faa49d83249c8d3e760f",
                "sha256:dbb8e7f2abee51cef77673be97760abff1674ed32847ce04b4af90f610144c7b",
                "sha256:e6ea6b856a74d560d9326c0f5895ef8050126acfdc7ca08ad703eb0081e82b74",
                "sha256:ebf2029c1f464c59b8bdbe5143c79fa2045a581ac53679733d3a91d400ff9efb",
                "sha256:f1ff2ee69f10f13a9596480335f406dd1f70c3650349e2be67ca3139280cade0"
            ],
            "index": "pypi",
            "version": "==9.3.0"
        },
        "pkgutil-resolve-name": {
            "hashes": [
                "sha256:357d6c9e6a755653cfd78893817c0853af365dd51ec97f3d358a819373bbd174",
                "sha256:ca27cc078d25c5ad71a9de0a7a330146c4e014c2462d9af19c6b828280649c5e"
            ],
            "markers": "python_version < '3.9'",
            "version": "==1.3.10"
        },
        "pymongo": {
            "hashes": [
                "sha256:01b4e10027aef5bb9ecefbc26f5df3368ce34aef81df43850f701e716e3fe16d",
                "sha256:0fc5aa1b1acf7f61af46fe0414e6a4d0c234b339db4c03a63da48599acf1cbfc",
                "sha256:1396eb7151e0558b1f817e4b9d7697d5599e5c40d839a9f7270bd90af994ad82",
                "sha256:18e84a3ec5e73adcb4187b8e5541b2ad61d716026ed9863267e650300d8bea33",
                "sha256:19adf2848b80cb349b9891cc854581bbf24c338be9a3260e73159bdeb2264464",
                "sha256:20ee0475aa2ba437b0a14806f125d696f90a8433d820fb558fdd6f052acde103",
                "sha256:26798795097bdeb571f13942beef7e0b60125397811c75b7aa9214d89880dd1d",
                "sha256:26e707a4eb851ec27bb969b5f1413b9b2eac28fe34271fa72329100317ea7c73",
                "sha256:2a3c7ad01553b27ec553688a1e6445e7f40355fb37d925c11fcb50b504e367f8",
                "sha256:2f07b27dbf303ea53f4147a7922ce91a26b34a0011131471d8aaf73151fdee9a",
                "sha256:316f0cf543013d0c085e15a2c8abe0db70f93c9722c0f99b6f3318ff69477d70",
                "sha256:31d11a600eea0c60de22c8bdcb58cda63c762891facdcb74248c36713240987f",
                "sha256:334ef3ffd0df87ea83a0054454336159f8ad9c1b389e19c0032d9cb8410660e6",
                "sha256:358ba4693c01022d507b96a980ded855a32dbdccc3c9331d0667be5e967f30ed",
                "sha256:3a6568bc53103df260f5c7d2da36dffc5202b9a36c85540bba1836a774943794",
                "sha256:444bf2f44264578c4085bb04493bfed0e5c1b4fe7c2704504d769f955cc78fe4",
                "sha256:47a00b22c52ee59dffc2aad02d0bbfb20c26ec5b8de8900492bf13ad6901cf35",
                "sha256:4c067db43b331fc709080d441cb2e157114fec60749667d12186cc3fc8e7a951",
                "sha256:4c092310f804a5d45a1bcaa4191d6d016c457b6ed3982a622c35f729ff1c7f6b",
                "sha256:53b711b33134e292ef8499835a3df10909c58df53a2a0308f598c432e9a62892",
                "sha256:568d6bee70652d8a5af1cd3eec48b4ca1696fb1773b80719ebbd2925b72cb8f6",
                "sha256:56fa55032782b7f8e0bf6956420d11e2d4e9860598dfe9c504edec53af0fc372",
                "sha256:5a2c492680c61b440272341294172fa3b3751797b1ab983533a770e4fb0a67ac",
                "sha256:61235cc39b5b2f593086d1d38f3fc130b2d125bd8fc8621d35bc5b6bdeb92bd2",
                "sha256:619ac9aaf681434b4d4718d1b31aa2f0fce64f2b3f8435688fcbdc0c818b6c54",
                "sha256:6238ac1f483494011abde5286282afdfacd8926659e222ba9b74c67008d3a58c",
                "sha256:63752a72ca4d4e1386278bd43d14232f51718b409e7ac86bcf8810826b531113",
                "sha256:6fdc5ccb43864065d40dd838437952e9e3da9821b7eac605ba46ada77f846bdf",
                "sha256:7abc3a6825a346fa4621a6f63e3b662bbb9e0f6ffc32d30a459d695f20fb1a8b",
                "sha256:7aef381bb9ae8a3821abd7f9d4d93978dbd99072b48522e181baeffcd95b56ae",
                "sha256:80df3caf251fe61a3f0c9614adc6e2bfcffd1cd3345280896766712fb4b4d6d7",
                "sha256:95f970f34b59987dee6f360d2e7d30e181d58957b85dff929eee4423739bd151",
                "sha256:993257f6ca3cde55332af1f62af3e04ca89ce63c08b56a387cdd46136c72f2fa",
                "sha256:9c0a57390549affc2b5dda24a38de03a5c7cbc58750cd161ff5d106c3c6eec80",
                "sha256:a0794e987d55d2f719cc95fcf980fc62d12b80e287e6a761c4be14c60bd9fecc",
                "sha256:a3b98121e68bf370dd8ea09df67e916f93ea95b52fc010902312168c4d1aff5d",
                "sha256:a60756d55f0887023b3899e6c2923ba5f0042fb11b1d17810b4e07395404f33e",
                "sha256:a676bd2fbc2309092b9bbb0083d35718b5420af3a42135ebb1e4c3633f56604d",
                "sha256:a732838c78554c1257ff2492f5c8c4c7312d0aecd7f732149e255f3749edd5ee",
                "sha256:ad3dc88dfe61f0f1f9b99c6bc833ea2f45203a937a18f0d2faa57c6952656012",
                "sha256:ae65d65fde4135ef423a2608587c9ef585a3551fc2e4e431e7c7e527047581be",
                "sha256:b070a4f064a9edb70f921bfdc270725cff7a78c22036dd37a767c51393fb956f",
                "sha256:b6da85949aa91e9f8c521681344bd2e163de894a5492337fba8b05c409225a4f",
                "sha256:bbf47110765b2a999803a7de457567389253f8670f7daafb98e059c899ce9764",
                "sha256:bd9c1e6f92b4888ae3ef7ae23262c513b962f09f3fb3b48581dde5df7d7a860a",
                "sha256:c06b3f998d2d7160db58db69adfb807d2ec307e883e2f17f6b87a1ef6c723f11",
                "sha256:c318fb70542be16d3d4063cde6010b1e4d328993a793529c15a619251f517c39",
                "sha256:c4aef42e5fa4c9d5a99f751fb79caa880dac7eaf8a65121549318b984676a1b7",
                "sha256:c9ca545e93a9c2a3bdaa2e6e21f7a43267ff0813e8055adf2b591c13164c0c57",
                "sha256:da2c3220eb55c4239dd8b982e213da0b79023cac59fe54ca09365f2bc7e4ad32",
                "sha256:dd8055da300535eefd446b30995c0813cc4394873c9509323762a93e97c04c03",
                "sha256:e2b46e092ea54b732d98c476720386ff2ccd126de1e52076b470b117bff7e409",
                "sha256:e334c4f39a2863a239d38b5829e442a87f241a92da9941861ee6ec5d6380b7fe",
                "sha256:e5c54f04ca42bbb5153aec5d4f2e3d9f81e316945220ac318abd4083308143f5",
                "sha256:f4d06764a06b137e48db6d569dc95614d9d225c89842c885669ee8abc9f28c7a",
                "sha256:f96333f9d2517c752c20a35ff95de5fc2763ac8cdb1653df0f6f45d281620606"
            ],
            "index": "pypi",
            "version": "==3.10.1"
        },
        "pyrsistent": {
            "hashes": [
                "sha256:055ab45d5911d7cae397dc418808d8802fb95262751872c841c170b0dbf51eed",
                "sha256:111156137b2e71f3a9936baf27cb322e8024dac3dc54ec7fb9f0bcf3249e68bb",
                "sha256:187d5730b0507d9285a96fca9716310d572e5464cadd19f22b63a6976254d77a",
                "sha256:21455e2b16000440e896ab99e8304617151981ed40c29e9507ef1c2e4314ee95",
                "sha256:2aede922a488861de0ad00c7630a6e2d57e8023e4be72d9d7147a9fcd2d30712",
                "sha256:3ba4134a3ff0fc7ad225b6b457d1309f4698108fb6b35532d015dca8f5abed73",
                "sha256:456cb30ca8bff00596519f2c53e42c245c09e1a4543945703acd4312949bfd41",
                "sha256:71d332b0320642b3261e9fee47ab9e65872c2bd90260e5d225dabeed93cbd42b",
                "sha256:879b4c2f4d41585c42df4d7654ddffff1239dc4065bc88b745f0341828b83e78",
                "sha256:9cd3e9978d12b5d99cbdc727a3022da0430ad007dacf33d0bf554b96427f33ab",
                "sha256:a178209e2df710e3f142cbd05313ba0c5ebed0a55d78d9945ac7a4e09d923308",
                "sha256:b39725209e06759217d1ac5fcdb510e98670af9e37223985f330b611f62e7425",
                "sha256:bfa0351be89c9fcbcb8c9879b826f4353be10f58f8a677efab0c017bf7137ec2",
                "sha256:bfd880614c6237243ff53a0539f1cb26987a6dc8ac6e66e0c5a40617296a045e",
                "sha256:c43bec251bbd10e3cb58ced80609c5c1eb238da9ca78b964aea410fb820d00d6",
                "sha256:d690b18ac4b3e3cab73b0b7aa7dbe65978a172ff94970ff98d82f2031f8971c2",
                "sha256:d6982b5a0237e1b7d876b60265564648a69b14017f3b5f908c5be2de3f9abb7a",
                "sha256:dec3eac7549869365fe263831f576c8457f6c833937c68542d08fde73457d291",
                "sha256:e371b844cec09d8dc424d940e54bba8f67a03ebea20ff7b7b0d56f526c71d584",
                "sha256:e5d8f84d81e3729c3b506657dddfe46e8ba9c330bf1858ee33108f8bb2adb38a",
                "sha256:ea6b79a02a28550c98b6ca9c35b9f492beaa54d7c5c9e9949555893c8a9234d0",
                "sha256:f1258f4e6c42ad0b20f9cfcc3ada5bd6b83374516cd01c0960e3cb75fdca6770"
            ],
            "markers": "python_version >= '3.7'",
            "version": "==0.19.2"
        },
        "pytz": {
            "hashes": [
                "sha256:222439474e9c98fced559f1709d89e6c9cbf8d79c794ff3eb9f8800064291427",
                "sha256:e89512406b793ca39f5971bc999cc538ce125c0e51c27941bef4568b460095e2"
            ],
            "version": "==2022.6"
        },
        "send-files": {
            "hashes": [
                "sha256:68bde0440d3e7146a559cd81d5c4e0e0a7f057915050d5fb714dff5a9ed601c6"
            ],
            "index": "pypi",
            "version": "==0.1"
        },
        "six": {
            "hashes": [
                "sha256:1e61c37477a1626458e36f7b1d82aa5c9b094fa4802892072e49de9c60c4c926",
                "sha256:8abb2f1d86890a2dfb989f9a77cfcfd3e47c2a354b01111771326f8aa26e0254"
            ],
            "markers": "python_version >= '2.7' and python_version not in '3.0, 3.1, 3.2, 3.3'",
            "version": "==1.16.0"
        },
        "sqlparse": {
            "hashes": [
                "sha256:0323c0ec29cd52bceabc1b4d9d579e311f3e4961b98d174201d5622a23b85e34",
                "sha256:69ca804846bb114d2ec380e4360a8a340db83f0ccf3afceeb1404df028f57268"
            ],
            "markers": "python_version >= '3.5'",
            "version": "==0.4.3"
        },
        "webob": {
            "hashes": [
                "sha256:73aae30359291c14fa3b956f8b5ca31960e420c28c1bec002547fb04928cf89b",
                "sha256:b64ef5141be559cfade448f044fa45c2260351edcb6a8ef6b7e00c7dcef0c323"
            ],
            "markers": "python_version >= '2.7' and python_version not in '3.0, 3.1, 3.2, 3.3'",
            "version": "==1.8.7"
        },
        "werkzeug": {
            "hashes": [
                "sha256:1e0dedc2acb1f46827daa2e399c1485c8fa17c0d8e70b6b875b4e7f54bf408d2",
                "sha256:b353856d37dec59d6511359f97f6a4b2468442e454bd1c98298ddce53cac1f04"
            ],
            "index": "pypi",
            "version": "==0.16.1"
        },
        "zipp": {
            "hashes": [
                "sha256:4fcb6f278987a6605757302a6e40e896257570d11c51628968ccb2a47e80c6c1",
                "sha256:7a7262fd930bd3e36c50b9a64897aec3fafff3dfdeec9623ae22b40e93f99bb8"
            ],
            "markers": "python_version < '3.10'",
            "version": "==3.10.0"
        }
    },
    "develop": {}
}
